// !$*UTF8*$!
{
	archiveVersion = 1;
	classes = {
	};
	objectVersion = 77;
	objects = {

/* Begin PBXAggregateTarget section */
		0846B9802FB350F10095DC1D /* SimpleZipCoreTests */ = {
			isa = PBXAggregateTarget;
			buildConfigurationList = 0846B9832FB350F10095DC1D /* Build configuration list for PBXAggregateTarget "SimpleZipCoreTests" */;
			buildPhases = (
				0846B9812FB350F10095DC1D /* Run SwiftPM Tests */,
			);
			dependencies = (
			);
			name = SimpleZipCoreTests;
			productName = SimpleZipCoreTests;
		};
/* End PBXAggregateTarget section */

/* Begin PBXBuildFile section */
		3B69C9B44598F9AD6EE090F5 /* SimpleZipAgentSupport/yumeka.SimpleZip-in-mac.aiagent.plist in Embed LaunchAgent */ = {isa = PBXBuildFile; fileRef = D2366AE7E99F003E085208B1 /* SimpleZipAgentSupport/yumeka.SimpleZip-in-mac.aiagent.plist */; };
		745A2A4A5D7CDF439819EA0C /* SimpleZipAgentSupport/AIAgentXPCProtocol.swift in Sources */ = {isa = PBXBuildFile; fileRef = 9E00D7E0BEB89C9F0BB75AD0 /* SimpleZipAgentSupport/AIAgentXPCProtocol.swift */; };
		C4A66994125BA6CEEEC981C0 /* SimpleZipAgentSupport/AIAgentXPCProtocol.swift in Sources */ = {isa = PBXBuildFile; fileRef = 9E00D7E0BEB89C9F0BB75AD0 /* SimpleZipAgentSupport/AIAgentXPCProtocol.swift */; };
		E319336F0A2FCDCDB7A10BE3 /* SimpleZipAIAgent in Embed Helper */ = {isa = PBXBuildFile; fileRef = EDF9E86D1F6AC7CE4DF39EB2 /* SimpleZipAIAgent */; settings = {ATTRIBUTES = (CodeSignOnCopy, ); }; };
		SP11A0000000000000000A1 /* Sparkle in Frameworks */ = {isa = PBXBuildFile; productRef = SP11B0000000000000000B1 /* Sparkle */; };
		24FE5B44428405893119DDDC /* dev plist in Embed LaunchAgent */ = {isa = PBXBuildFile; fileRef = E0474B6A74E638D6D57948EE /* SimpleZipAgentSupport/yumeka.SimpleZip-in-mac.dev.aiagent.plist */; };
/* End PBXBuildFile section */

/* Begin PBXContainerItemProxy section */
		57E51B2E48A5D86F3535D30E /* PBXContainerItemProxy */ = {
			isa = PBXContainerItemProxy;
			containerPortal = 0846B9682FB350EF0095DC1D /* Project object */;
			proxyType = 1;
			remoteGlobalIDString = 156308F98084E3CA8D9C9541;
			remoteInfo = SimpleZipAIAgent;
		};
/* End PBXContainerItemProxy section */

/* Begin PBXCopyFilesBuildPhase section */
		0D6AC5B27E7B12E303740A4F /* Embed Helper */ = {
			isa = PBXCopyFilesBuildPhase;
			buildActionMask = 2147483647;
			dstPath = "";
			dstSubfolderSpec = 6;
			files = (
				E319336F0A2FCDCDB7A10BE3 /* SimpleZipAIAgent in Embed Helper */,
			);
			name = "Embed Helper";
			runOnlyForDeploymentPostprocessing = 0;
		};
		2F8791EC944F7780ECA4CE85 /* Embed LaunchAgent */ = {
			isa = PBXCopyFilesBuildPhase;
			buildActionMask = 2147483647;
			dstPath = Contents/Library/LaunchAgents;
			dstSubfolderSpec = 1;
			files = (
				24FE5B44428405893119DDDC /* dev plist in Embed LaunchAgent */,
				3B69C9B44598F9AD6EE090F5 /* SimpleZipAgentSupport/yumeka.SimpleZip-in-mac.aiagent.plist in Embed LaunchAgent */,
			);
			name = "Embed LaunchAgent";
			runOnlyForDeploymentPostprocessing = 0;
		};
/* End PBXCopyFilesBuildPhase section */

/* Begin PBXFileReference section */
		0846B9702FB350EF0095DC1D /* SimpleZip.app */ = {isa = PBXFileReference; explicitFileType = wrapper.application; includeInIndex = 0; path = SimpleZip.app; sourceTree = BUILT_PRODUCTS_DIR; };
		9E00D7E0BEB89C9F0BB75AD0 /* SimpleZipAgentSupport/AIAgentXPCProtocol.swift */ = {isa = PBXFileReference; lastKnownFileType = sourcecode.swift; path = SimpleZipAgentSupport/AIAgentXPCProtocol.swift; sourceTree = SOURCE_ROOT; };
		D2366AE7E99F003E085208B1 /* SimpleZipAgentSupport/yumeka.SimpleZip-in-mac.aiagent.plist */ = {isa = PBXFileReference; lastKnownFileType = text.plist.xml; path = "SimpleZipAgentSupport/yumeka.SimpleZip-in-mac.aiagent.plist"; sourceTree = SOURCE_ROOT; };
		E0474B6A74E638D6D57948EE /* SimpleZipAgentSupport/yumeka.SimpleZip-in-mac.dev.aiagent.plist */ = {isa = PBXFileReference; lastKnownFileType = text.plist.xml; path = "SimpleZipAgentSupport/yumeka.SimpleZip-in-mac.dev.aiagent.plist"; sourceTree = SOURCE_ROOT; };
		EDF9E86D1F6AC7CE4DF39EB2 /* SimpleZipAIAgent */ = {isa = PBXFileReference; explicitFileType = "compiled.mach-o.executable"; includeInIndex = 0; path = SimpleZipAIAgent; sourceTree = BUILT_PRODUCTS_DIR; };
/* End PBXFileReference section */

/* Begin PBXFileSystemSynchronizedBuildFileExceptionSet section */
		0846B9842FB351010095DC1D /* Exceptions for "SimpleZip" folder in "SimpleZip" target */ = {
			isa = PBXFileSystemSynchronizedBuildFileExceptionSet;
			membershipExceptions = (
				Tools/rar,
				"Tools/rar-license.txt",
				"Tools/rar-readme.txt",
			);
			target = 0846B96F2FB350EF0095DC1D /* SimpleZip */;
		};
/* End PBXFileSystemSynchronizedBuildFileExceptionSet section */

/* Begin PBXFileSystemSynchronizedRootGroup section */
		0846B9722FB350EF0095DC1D /* SimpleZip */ = {
			isa = PBXFileSystemSynchronizedRootGroup;
			exceptions = (
				0846B9842FB351010095DC1D /* Exceptions for "SimpleZip" folder in "SimpleZip" target */,
			);
			path = SimpleZip;
			sourceTree = "<group>";
		};
		73BD34CC957FE43B8736704F /* SimpleZipAIAgent */ = {
			isa = PBXFileSystemSynchronizedRootGroup;
			path = SimpleZipAIAgent;
			sourceTree = "<group>";
		};
/* End PBXFileSystemSynchronizedRootGroup section */

/* Begin PBXFrameworksBuildPhase section */
		04C317A415F8007D7F5A68F5 /* Frameworks */ = {
			isa = PBXFrameworksBuildPhase;
			buildActionMask = 2147483647;
			files = (
			);
			runOnlyForDeploymentPostprocessing = 0;
		};
		0846B96D2FB350EF0095DC1D /* Frameworks */ = {
			isa = PBXFrameworksBuildPhase;
			buildActionMask = 2147483647;
			files = (
				SP11A0000000000000000A1 /* Sparkle in Frameworks */,
			);
			runOnlyForDeploymentPostprocessing = 0;
		};
/* End PBXFrameworksBuildPhase section */

/* Begin PBXGroup section */
		0846B9672FB350EF0095DC1D = {
			isa = PBXGroup;
			children = (
				0846B9722FB350EF0095DC1D /* SimpleZip */,
				73BD34CC957FE43B8736704F /* SimpleZipAIAgent */,
				D2366AE7E99F003E085208B1 /* SimpleZipAgentSupport/yumeka.SimpleZip-in-mac.aiagent.plist */,
				0846B9712FB350EF0095DC1D /* Products */,
				08B6CAAB2FE5DEBA00192F2A /* Recovered References */,
			);
			sourceTree = "<group>";
		};
		0846B9712FB350EF0095DC1D /* Products */ = {
			isa = PBXGroup;
			children = (
				0846B9702FB350EF0095DC1D /* SimpleZip.app */,
				EDF9E86D1F6AC7CE4DF39EB2 /* SimpleZipAIAgent */,
			);
			name = Products;
			sourceTree = "<group>";
		};
		08B6CAAB2FE5DEBA00192F2A /* Recovered References */ = {
			isa = PBXGroup;
			children = (
				9E00D7E0BEB89C9F0BB75AD0 /* SimpleZipAgentSupport/AIAgentXPCProtocol.swift */,
			);
			name = "Recovered References";
			sourceTree = "<group>";
		};
/* End PBXGroup section */

/* Begin PBXNativeTarget section */
		0846B96F2FB350EF0095DC1D /* SimpleZip */ = {
			isa = PBXNativeTarget;
			buildConfigurationList = 0846B97B2FB350F10095DC1D /* Build configuration list for PBXNativeTarget "SimpleZip" */;
			buildPhases = (
				0846B96C2FB350EF0095DC1D /* Sources */,
				0846B96D2FB350EF0095DC1D /* Frameworks */,
				0846B96E2FB350EF0095DC1D /* Resources */,
				0D6AC5B27E7B12E303740A4F /* Embed Helper */,
				2F8791EC944F7780ECA4CE85 /* Embed LaunchAgent */,
			);
			buildRules = (
			);
			dependencies = (
				89CCD9464FBC839112293F64 /* PBXTargetDependency */,
			);
			fileSystemSynchronizedGroups = (
				0846B9722FB350EF0095DC1D /* SimpleZip */,
			);
			name = SimpleZip;
			packageProductDependencies = (
				SP11B0000000000000000B1 /* Sparkle */,
			);
			productName = SimpleZip;
			productReference = 0846B9702FB350EF0095DC1D /* SimpleZip.app */;
			productType = "com.apple.product-type.application";
		};
		156308F98084E3CA8D9C9541 /* SimpleZipAIAgent */ = {
			isa = PBXNativeTarget;
			buildConfigurationList = 25F6EF0E8DECB0A65E55FC68 /* Build configuration list for PBXNativeTarget "SimpleZipAIAgent" */;
			buildPhases = (
				FD5B443CBE81D8A0B5A11605 /* Sources */,
				04C317A415F8007D7F5A68F5 /* Frameworks */,
			);
			buildRules = (
			);
			dependencies = (
			);
			fileSystemSynchronizedGroups = (
				73BD34CC957FE43B8736704F /* SimpleZipAIAgent */,
			);
			name = SimpleZipAIAgent;
			packageProductDependencies = (
			);
			productName = SimpleZipAIAgent;
			productReference = EDF9E86D1F6AC7CE4DF39EB2 /* SimpleZipAIAgent */;
			productType = "com.apple.product-type.tool";
		};
/* End PBXNativeTarget section */

/* Begin PBXProject section */
		0846B9682FB350EF0095DC1D /* Project object */ = {
			isa = PBXProject;
			attributes = {
				BuildIndependentTargetsInParallel = 1;
				LastSwiftUpdateCheck = 2640;
				LastUpgradeCheck = 2650;
				TargetAttributes = {
					0846B96F2FB350EF0095DC1D = {
						CreatedOnToolsVersion = 26.4.1;
					};
					0846B9802FB350F10095DC1D = {
						CreatedOnToolsVersion = 26.4.1;
					};
					156308F98084E3CA8D9C9541 = {
						CreatedOnToolsVersion = 26.4.1;
					};
				};
			};
			buildConfigurationList = 0846B96B2FB350EF0095DC1D /* Build configuration list for PBXProject "SimpleZip" */;
			developmentRegion = en;
			hasScannedForEncodings = 0;
			knownRegions = (
				en,
				Base,
				es,
				fr,
				de,
				ko,
				ru,
				th,
				"zh-Hans",
				"zh-Hant",
				ja,
			);
			mainGroup = 0846B9672FB350EF0095DC1D;
			minimizedProjectReferenceProxies = 1;
			packageReferences = (
				SP11C0000000000000000C1 /* XCRemoteSwiftPackageReference "Sparkle" */,
			);
			preferredProjectObjectVersion = 77;
			productRefGroup = 0846B9712FB350EF0095DC1D /* Products */;
			projectDirPath = "";
			projectRoot = "";
			targets = (
				0846B96F2FB350EF0095DC1D /* SimpleZip */,
				156308F98084E3CA8D9C9541 /* SimpleZipAIAgent */,
				0846B9802FB350F10095DC1D /* SimpleZipCoreTests */,
			);
		};
/* End PBXProject section */

/* Begin PBXResourcesBuildPhase section */
		0846B96E2FB350EF0095DC1D /* Resources */ = {
			isa = PBXResourcesBuildPhase;
			buildActionMask = 2147483647;
			files = (
			);
			runOnlyForDeploymentPostprocessing = 0;
		};
/* End PBXResourcesBuildPhase section */

/* Begin PBXShellScriptBuildPhase section */
		0846B9812FB350F10095DC1D /* Run SwiftPM Tests */ = {
			isa = PBXShellScriptBuildPhase;
			alwaysOutOfDate = 1;
			buildActionMask = 2147483647;
			files = (
			);
			inputFileListPaths = (
			);
			inputPaths = (
			);
			name = "Run SwiftPM Tests";
			outputFileListPaths = (
			);
			outputPaths = (
			);
			runOnlyForDeploymentPostprocessing = 0;
			shellPath = /bin/sh;
			shellScript = "set -e\nexport HOME=/private/tmp/SimpleZipXcodeSwiftPM/Home\nexport CLANG_MODULE_CACHE_PATH=/private/tmp/SimpleZipXcodeSwiftPM/ModuleCache\nmkdir -p \"$HOME\" \"$CLANG_MODULE_CACHE_PATH\"\n/usr/bin/xcrun swift test --disable-sandbox --scratch-path /private/tmp/SimpleZipXcodeSwiftPM -Xswiftc -module-cache-path -Xswiftc /private/tmp/SimpleZipXcodeSwiftPM/ModuleCache\n";
		};
/* End PBXShellScriptBuildPhase section */

/* Begin PBXSourcesBuildPhase section */
		0846B96C2FB350EF0095DC1D /* Sources */ = {
			isa = PBXSourcesBuildPhase;
			buildActionMask = 2147483647;
			files = (
				745A2A4A5D7CDF439819EA0C /* SimpleZipAgentSupport/AIAgentXPCProtocol.swift in Sources */,
			);
			runOnlyForDeploymentPostprocessing = 0;
		};
		FD5B443CBE81D8A0B5A11605 /* Sources */ = {
			isa = PBXSourcesBuildPhase;
			buildActionMask = 2147483647;
			files = (
				C4A66994125BA6CEEEC981C0 /* SimpleZipAgentSupport/AIAgentXPCProtocol.swift in Sources */,
			);
			runOnlyForDeploymentPostprocessing = 0;
		};
/* End PBXSourcesBuildPhase section */

/* Begin PBXTargetDependency section */
		89CCD9464FBC839112293F64 /* PBXTargetDependency */ = {
			isa = PBXTargetDependency;
			target = 156308F98084E3CA8D9C9541 /* SimpleZipAIAgent */;
			targetProxy = 57E51B2E48A5D86F3535D30E /* PBXContainerItemProxy */;
		};
/* End PBXTargetDependency section */

/* Begin XCBuildConfiguration section */
		0846B9792FB350F10095DC1D /* Debug */ = {
			isa = XCBuildConfiguration;
			buildSettings = {
				ALWAYS_SEARCH_USER_PATHS = NO;
				ASSETCATALOG_COMPILER_GENERATE_SWIFT_ASSET_SYMBOL_EXTENSIONS = YES;
				CLANG_ANALYZER_LOCALIZABILITY_NONLOCALIZED = YES;
				CLANG_ANALYZER_NONNULL = YES;
				CLANG_ANALYZER_NUMBER_OBJECT_CONVERSION = YES_AGGRESSIVE;
				CLANG_CXX_LANGUAGE_STANDARD = "gnu++20";
				CLANG_ENABLE_MODULES = YES;
				CLANG_ENABLE_OBJC_ARC = YES;
				CLANG_ENABLE_OBJC_WEAK = YES;
				CLANG_WARN_BLOCK_CAPTURE_AUTORELEASING = YES;
				CLANG_WARN_BOOL_CONVERSION = YES;
				CLANG_WARN_COMMA = YES;
				CLANG_WARN_CONSTANT_CONVERSION = YES;
				CLANG_WARN_DEPRECATED_OBJC_IMPLEMENTATIONS = YES;
				CLANG_WARN_DIRECT_OBJC_ISA_USAGE = YES_ERROR;
				CLANG_WARN_DOCUMENTATION_COMMENTS = YES;
				CLANG_WARN_EMPTY_BODY = YES;
				CLANG_WARN_ENUM_CONVERSION = YES;
				CLANG_WARN_INFINITE_RECURSION = YES;
				CLANG_WARN_INT_CONVERSION = YES;
				CLANG_WARN_NON_LITERAL_NULL_CONVERSION = YES;
				CLANG_WARN_OBJC_IMPLICIT_RETAIN_SELF = YES;
				CLANG_WARN_OBJC_LITERAL_CONVERSION = YES;
				CLANG_WARN_OBJC_ROOT_CLASS = YES_ERROR;
				CLANG_WARN_QUOTED_INCLUDE_IN_FRAMEWORK_HEADER = YES;
				CLANG_WARN_RANGE_LOOP_ANALYSIS = YES;
				CLANG_WARN_STRICT_PROTOTYPES = YES;
				CLANG_WARN_SUSPICIOUS_MOVE = YES;
				CLANG_WARN_UNGUARDED_AVAILABILITY = YES_AGGRESSIVE;
				CLANG_WARN_UNREACHABLE_CODE = YES;
				CLANG_WARN__DUPLICATE_METHOD_MATCH = YES;
				COPY_PHASE_STRIP = NO;
				DEAD_CODE_STRIPPING = YES;
				DEBUG_INFORMATION_FORMAT = dwarf;
				ENABLE_STRICT_OBJC_MSGSEND = YES;
				ENABLE_TESTABILITY = YES;
				ENABLE_USER_SCRIPT_SANDBOXING = YES;
				GCC_C_LANGUAGE_STANDARD = gnu17;
				GCC_DYNAMIC_NO_PIC = NO;
				GCC_NO_COMMON_BLOCKS = YES;
				GCC_OPTIMIZATION_LEVEL = 0;
				GCC_PREPROCESSOR_DEFINITIONS = (
					"DEBUG=1",
					"$(inherited)",
				);
				GCC_WARN_64_TO_32_BIT_CONVERSION = YES;
				GCC_WARN_ABOUT_RETURN_TYPE = YES_ERROR;
				GCC_WARN_UNDECLARED_SELECTOR = YES;
				GCC_WARN_UNINITIALIZED_AUTOS = YES_AGGRESSIVE;
				GCC_WARN_UNUSED_FUNCTION = YES;
				GCC_WARN_UNUSED_VARIABLE = YES;
				LOCALIZATION_PREFERS_STRING_CATALOGS = YES;
				MACOSX_DEPLOYMENT_TARGET = 13.0;
				MTL_ENABLE_DEBUG_INFO = INCLUDE_SOURCE;
				MTL_FAST_MATH = YES;
				ONLY_ACTIVE_ARCH = YES;
				SDKROOT = macosx;
				SWIFT_ACTIVE_COMPILATION_CONDITIONS = "DEBUG $(inherited)";
				SWIFT_OPTIMIZATION_LEVEL = "-Onone";
			};
			name = Debug;
		};
		0846B97A2FB350F10095DC1D /* Release */ = {
			isa = XCBuildConfiguration;
			buildSettings = {
				ALWAYS_SEARCH_USER_PATHS = NO;
				ASSETCATALOG_COMPILER_GENERATE_SWIFT_ASSET_SYMBOL_EXTENSIONS = YES;
				CLANG_ANALYZER_LOCALIZABILITY_NONLOCALIZED = YES;
				CLANG_ANALYZER_NONNULL = YES;
				CLANG_ANALYZER_NUMBER_OBJECT_CONVERSION = YES_AGGRESSIVE;
				CLANG_CXX_LANGUAGE_STANDARD = "gnu++20";
				CLANG_ENABLE_MODULES = YES;
				CLANG_ENABLE_OBJC_ARC = YES;
				CLANG_ENABLE_OBJC_WEAK = YES;
				CLANG_WARN_BLOCK_CAPTURE_AUTORELEASING = YES;
				CLANG_WARN_BOOL_CONVERSION = YES;
				CLANG_WARN_COMMA = YES;
				CLANG_WARN_CONSTANT_CONVERSION = YES;
				CLANG_WARN_DEPRECATED_OBJC_IMPLEMENTATIONS = YES;
				CLANG_WARN_DIRECT_OBJC_ISA_USAGE = YES_ERROR;
				CLANG_WARN_DOCUMENTATION_COMMENTS = YES;
				CLANG_WARN_EMPTY_BODY = YES;
				CLANG_WARN_ENUM_CONVERSION = YES;
				CLANG_WARN_INFINITE_RECURSION = YES;
				CLANG_WARN_INT_CONVERSION = YES;
				CLANG_WARN_NON_LITERAL_NULL_CONVERSION = YES;
				CLANG_WARN_OBJC_IMPLICIT_RETAIN_SELF = YES;
				CLANG_WARN_OBJC_LITERAL_CONVERSION = YES;
				CLANG_WARN_OBJC_ROOT_CLASS = YES_ERROR;
				CLANG_WARN_QUOTED_INCLUDE_IN_FRAMEWORK_HEADER = YES;
				CLANG_WARN_RANGE_LOOP_ANALYSIS = YES;
				CLANG_WARN_STRICT_PROTOTYPES = YES;
				CLANG_WARN_SUSPICIOUS_MOVE = YES;
				CLANG_WARN_UNGUARDED_AVAILABILITY = YES_AGGRESSIVE;
				CLANG_WARN_UNREACHABLE_CODE = YES;
				CLANG_WARN__DUPLICATE_METHOD_MATCH = YES;
				COPY_PHASE_STRIP = NO;
				DEAD_CODE_STRIPPING = YES;
				DEBUG_INFORMATION_FORMAT = "dwarf-with-dsym";
				ENABLE_NS_ASSERTIONS = NO;
				ENABLE_STRICT_OBJC_MSGSEND = YES;
				ENABLE_USER_SCRIPT_SANDBOXING = YES;
				GCC_C_LANGUAGE_STANDARD = gnu17;
				GCC_NO_COMMON_BLOCKS = YES;
				GCC_WARN_64_TO_32_BIT_CONVERSION = YES;
				GCC_WARN_ABOUT_RETURN_TYPE = YES_ERROR;
				GCC_WARN_UNDECLARED_SELECTOR = YES;
				GCC_WARN_UNINITIALIZED_AUTOS = YES_AGGRESSIVE;
				GCC_WARN_UNUSED_FUNCTION = YES;
				GCC_WARN_UNUSED_VARIABLE = YES;
				LOCALIZATION_PREFERS_STRING_CATALOGS = YES;
				MACOSX_DEPLOYMENT_TARGET = 13.0;
				MTL_ENABLE_DEBUG_INFO = NO;
				MTL_FAST_MATH = YES;
				SDKROOT = macosx;
				SWIFT_COMPILATION_MODE = wholemodule;
			};
			name = Release;
		};
		0846B97C2FB350F10095DC1D /* Debug */ = {
			isa = XCBuildConfiguration;
			buildSettings = {
				ASSETCATALOG_COMPILER_APPICON_NAME = AppIcon;
				ASSETCATALOG_COMPILER_GLOBAL_ACCENT_COLOR_NAME = AccentColor;
				CODE_SIGN_IDENTITY = "SimpleZip Dev";
				"CODE_SIGN_IDENTITY[sdk=macosx*]" = "SimpleZip Dev";
				CODE_SIGN_STYLE = Manual;
				COMBINE_HIDPI_IMAGES = YES;
				CURRENT_PROJECT_VERSION = 9999;
				DEAD_CODE_STRIPPING = YES;
				ENABLE_APP_SANDBOX = NO;
				ENABLE_PREVIEWS = YES;
				ENABLE_USER_SELECTED_FILES = readwrite;
				GENERATE_INFOPLIST_FILE = NO;
				INFOPLIST_FILE = Info.plist;
				INFOPLIST_KEY_LSApplicationCategoryType = "public.app-category.utilities";
				LD_RUNPATH_SEARCH_PATHS = (
					"$(inherited)",
					"@executable_path/../Frameworks",
				);
				MACOSX_DEPLOYMENT_TARGET = 13.0;
				MARKETING_VERSION = 99.9.9;
				PRODUCT_BUNDLE_IDENTIFIER = "yumeka.SimpleZip-in-mac.dev";
				PRODUCT_NAME = SimpleZip;
				REGISTER_APP_GROUPS = YES;
				STRING_CATALOG_GENERATE_SYMBOLS = YES;
				SWIFT_APPROACHABLE_CONCURRENCY = YES;
				SWIFT_DEFAULT_ACTOR_ISOLATION = MainActor;
				SWIFT_EMIT_LOC_STRINGS = YES;
				SWIFT_UPCOMING_FEATURE_MEMBER_IMPORT_VISIBILITY = YES;
				SWIFT_VERSION = 5.0;
			};
			name = Debug;
		};
		0846B97D2FB350F10095DC1D /* Release */ = {
			isa = XCBuildConfiguration;
			buildSettings = {
				ASSETCATALOG_COMPILER_APPICON_NAME = AppIcon;
				ASSETCATALOG_COMPILER_GLOBAL_ACCENT_COLOR_NAME = AccentColor;
				CODE_SIGN_IDENTITY = "Apple Development";
				CODE_SIGN_STYLE = Automatic;
				COMBINE_HIDPI_IMAGES = YES;
				CURRENT_PROJECT_VERSION = 9999;
				DEAD_CODE_STRIPPING = YES;
				DEVELOPMENT_TEAM = "";
				ENABLE_APP_SANDBOX = NO;
				ENABLE_PREVIEWS = YES;
				ENABLE_USER_SELECTED_FILES = readwrite;
				GENERATE_INFOPLIST_FILE = NO;
				INFOPLIST_FILE = Info.plist;
				INFOPLIST_KEY_LSApplicationCategoryType = "public.app-category.utilities";
				LD_RUNPATH_SEARCH_PATHS = (
					"$(inherited)",
					"@executable_path/../Frameworks",
				);
				MACOSX_DEPLOYMENT_TARGET = 13.0;
				MARKETING_VERSION = 99.9.9;
				PRODUCT_BUNDLE_IDENTIFIER = "yumeka.SimpleZip-in-mac";
				PRODUCT_NAME = SimpleZip;
				PROVISIONING_PROFILE_SPECIFIER = "";
				REGISTER_APP_GROUPS = YES;
				STRING_CATALOG_GENERATE_SYMBOLS = YES;
				SWIFT_APPROACHABLE_CONCURRENCY = YES;
				SWIFT_DEFAULT_ACTOR_ISOLATION = MainActor;
				SWIFT_EMIT_LOC_STRINGS = YES;
				SWIFT_UPCOMING_FEATURE_MEMBER_IMPORT_VISIBILITY = YES;
				SWIFT_VERSION = 5.0;
			};
			name = Release;
		};
		0846B9822FB350F10095DC1D /* Debug */ = {
			isa = XCBuildConfiguration;
			buildSettings = {
				DEAD_CODE_STRIPPING = YES;
				ENABLE_USER_SCRIPT_SANDBOXING = NO;
				MACOSX_DEPLOYMENT_TARGET = 13.0;
				PRODUCT_NAME = SimpleZipCoreTests;
				SDKROOT = macosx;
			};
			name = Debug;
		};
		0846B9842FB350F10095DC1D /* Release */ = {
			isa = XCBuildConfiguration;
			buildSettings = {
				DEAD_CODE_STRIPPING = YES;
				ENABLE_USER_SCRIPT_SANDBOXING = NO;
				MACOSX_DEPLOYMENT_TARGET = 13.0;
				PRODUCT_NAME = SimpleZipCoreTests;
				SDKROOT = macosx;
			};
			name = Release;
		};
		32337E5B63A4AE1B2F9C3FF9 /* Debug */ = {
			isa = XCBuildConfiguration;
			buildSettings = {
				CODE_SIGN_IDENTITY = "SimpleZip Dev";
				CODE_SIGN_STYLE = Manual;
				DEAD_CODE_STRIPPING = YES;
				MACOSX_DEPLOYMENT_TARGET = 13.0;
				ONLY_ACTIVE_ARCH = YES;
				PRODUCT_BUNDLE_IDENTIFIER = "yumeka.SimpleZip-in-mac.aiagent";
				PRODUCT_NAME = "$(TARGET_NAME)";
				SDKROOT = macosx;
				SWIFT_ACTIVE_COMPILATION_CONDITIONS = "DEBUG $(inherited)";
				SWIFT_OPTIMIZATION_LEVEL = "-Onone";
				SWIFT_VERSION = 5.0;
			};
			name = Debug;
		};
		E99EB6D2AF82E42A553C6DDE /* Release */ = {
			isa = XCBuildConfiguration;
			buildSettings = {
				CODE_SIGN_IDENTITY = "-";
				CODE_SIGN_STYLE = Manual;
				DEAD_CODE_STRIPPING = YES;
				MACOSX_DEPLOYMENT_TARGET = 13.0;
				PRODUCT_BUNDLE_IDENTIFIER = "yumeka.SimpleZip-in-mac.aiagent";
				PRODUCT_NAME = "$(TARGET_NAME)";
				SDKROOT = macosx;
				SWIFT_COMPILATION_MODE = wholemodule;
				SWIFT_VERSION = 5.0;
			};
			name = Release;
		};
/* End XCBuildConfiguration section */

/* Begin XCConfigurationList section */
		0846B96B2FB350EF0095DC1D /* Build configuration list for PBXProject "SimpleZip" */ = {
			isa = XCConfigurationList;
			buildConfigurations = (
				0846B9792FB350F10095DC1D /* Debug */,
				0846B97A2FB350F10095DC1D /* Release */,
			);
			defaultConfigurationIsVisible = 0;
			defaultConfigurationName = Release;
		};
		0846B97B2FB350F10095DC1D /* Build configuration list for PBXNativeTarget "SimpleZip" */ = {
			isa = XCConfigurationList;
			buildConfigurations = (
				0846B97C2FB350F10095DC1D /* Debug */,
				0846B97D2FB350F10095DC1D /* Release */,
			);
			defaultConfigurationIsVisible = 0;
			defaultConfigurationName = Release;
		};
		0846B9832FB350F10095DC1D /* Build configuration list for PBXAggregateTarget "SimpleZipCoreTests" */ = {
			isa = XCConfigurationList;
			buildConfigurations = (
				0846B9822FB350F10095DC1D /* Debug */,
				0846B9842FB350F10095DC1D /* Release */,
			);
			defaultConfigurationIsVisible = 0;
			defaultConfigurationName = Release;
		};
		25F6EF0E8DECB0A65E55FC68 /* Build configuration list for PBXNativeTarget "SimpleZipAIAgent" */ = {
			isa = XCConfigurationList;
			buildConfigurations = (
				32337E5B63A4AE1B2F9C3FF9 /* Debug */,
				E99EB6D2AF82E42A553C6DDE /* Release */,
			);
			defaultConfigurationIsVisible = 0;
			defaultConfigurationName = Release;
		};
/* End XCConfigurationList section */

/* Begin XCRemoteSwiftPackageReference section */
		SP11C0000000000000000C1 /* XCRemoteSwiftPackageReference "Sparkle" */ = {
			isa = XCRemoteSwiftPackageReference;
			repositoryURL = "https://github.com/sparkle-project/Sparkle";
			requirement = {
				kind = upToNextMajorVersion;
				minimumVersion = 2.6.0;
			};
		};
/* End XCRemoteSwiftPackageReference section */

/* Begin XCSwiftPackageProductDependency section */
		SP11B0000000000000000B1 /* Sparkle */ = {
			isa = XCSwiftPackageProductDependency;
			package = SP11C0000000000000000C1 /* XCRemoteSwiftPackageReference "Sparkle" */;
			productName = Sparkle;
		};
/* End XCSwiftPackageProductDependency section */
	};
	rootObject = 0846B9682FB350EF0095DC1D /* Project object */;
}
